
Microsoft Visual Studio Solution File, Format Version 12.00
# Visual Studio Version 17
VisualStudioVersion = 17.5.33516.290
MinimumVisualStudioVersion = 10.0.40219.1
Project("{2150E333-8FDC-42A3-9474-1A3956D46DE8}") = "Core", "Core", "{78A9F0C2-DB81-479F-A19F-CF73F12BD613}"
EndProject
Project("{2150E333-8FDC-42A3-9474-1A3956D46DE8}") = "Infra", "Infra", "{E0B93D1A-EFBA-40E4-A585-B92910E9321F}"
EndProject
Project("{2150E333-8FDC-42A3-9474-1A3956D46DE8}") = "Presentation", "Presentation", "{D7E1F015-255C-4F67-B13C-777516E96E17}"
EndProject
Project("{9A19103F-16F7-4668-BE54-9A1E7A4F7556}") = "API.Consultas.WebApi", "API.Consultas.WebApi\API.Consultas.WebApi.csproj", "{06B0ABDC-B582-457F-B567-72E8B67EA12D}"
EndProject
Project("{9A19103F-16F7-4668-BE54-9A1E7A4F7556}") = "API.Consultas.Domain", "API.Consultas.Domain\API.Consultas.Domain.csproj", "{9215835D-C367-47D9-AC5E-1CD47F29F45A}"
EndProject
Global
	GlobalSection(SolutionConfigurationPlatforms) = preSolution
		Debug|Any CPU = Debug|Any CPU
		Release|Any CPU = Release|Any CPU
	EndGlobalSection
	GlobalSection(ProjectConfigurationPlatforms) = postSolution
		{06B0ABDC-B582-457F-B567-72E8B67EA12D}.Debug|Any CPU.ActiveCfg = Debug|Any CPU
		{06B0ABDC-B582-457F-B567-72E8B67EA12D}.Debug|Any CPU.Build.0 = Debug|Any CPU
		{06B0ABDC-B582-457F-B567-72E8B67EA12D}.Release|Any CPU.ActiveCfg = Release|Any CPU
		{06B0ABDC-B582-457F-B567-72E8B67EA12D}.Release|Any CPU.Build.0 = Release|Any CPU
		{9215835D-C367-47D9-AC5E-1CD47F29F45A}.Debug|Any CPU.ActiveCfg = Debug|Any CPU
		{9215835D-C367-47D9-AC5E-1CD47F29F45A}.Debug|Any CPU.Build.0 = Debug|Any CPU
		{9215835D-C367-47D9-AC5E-1CD47F29F45A}.Release|Any CPU.ActiveCfg = Release|Any CPU
		{9215835D-C367-47D9-AC5E-1CD47F29F45A}.Release|Any CPU.Build.0 = Release|Any CPU
	EndGlobalSection
	GlobalSection(SolutionProperties) = preSolution
		HideSolutionNode = FALSE
	EndGlobalSection
	GlobalSection(NestedProjects) = preSolution
		{06B0ABDC-B582-457F-B567-72E8B67EA12D} = {D7E1F015-255C-4F67-B13C-777516E96E17}
		{9215835D-C367-47D9-AC5E-1CD47F29F45A} = {78A9F0C2-DB81-479F-A19F-CF73F12BD613}
	EndGlobalSection
	GlobalSection(ExtensibilityGlobals) = postSolution
		SolutionGuid = {637A56CF-98E4-4D8A-95D4-CE96FDACD44C}
	EndGlobalSection
EndGlobal
